
Microsoft Visual Studio Solution File, Format Version 12.00
# Visual Studio Version 16
VisualStudioVersion = 16.0.31005.135
MinimumVisualStudioVersion = 10.0.40219.1
Project("{9A19103F-16F7-4668-BE54-9A1E7A4F7556}") = "ADV.SOAP.Test", "ADV.SOAP.Test\ADV.SOAP.Test.csproj", "{A19F1392-B09B-4A4E-8D06-14F9DBBCEA84}"
EndProject
Project("{FAE04EC0-301F-11D3-BF4B-00C04F79EFBC}") = "ADV.REST.Test", "ADV.REST.Test\ADV.REST.Test.csproj", "{879FC6D1-A41B-4DDD-87A6-6A474FE1F458}"
EndProject
Global
	GlobalSection(SolutionConfigurationPlatforms) = preSolution
		Debug|Any CPU = Debug|Any CPU
		Release|Any CPU = Release|Any CPU
	EndGlobalSection
	GlobalSection(ProjectConfigurationPlatforms) = postSolution
		{A19F1392-B09B-4A4E-8D06-14F9DBBCEA84}.Debug|Any CPU.ActiveCfg = Debug|Any CPU
		{A19F1392-B09B-4A4E-8D06-14F9DBBCEA84}.Debug|Any CPU.Build.0 = Debug|Any CPU
		{A19F1392-B09B-4A4E-8D06-14F9DBBCEA84}.Release|Any CPU.ActiveCfg = Release|Any CPU
		{A19F1392-B09B-4A4E-8D06-14F9DBBCEA84}.Release|Any CPU.Build.0 = Release|Any CPU
		{879FC6D1-A41B-4DDD-87A6-6A474FE1F458}.Debug|Any CPU.ActiveCfg = Debug|Any CPU
		{879FC6D1-A41B-4DDD-87A6-6A474FE1F458}.Debug|Any CPU.Build.0 = Debug|Any CPU
		{879FC6D1-A41B-4DDD-87A6-6A474FE1F458}.Release|Any CPU.ActiveCfg = Release|Any CPU
		{879FC6D1-A41B-4DDD-87A6-6A474FE1F458}.Release|Any CPU.Build.0 = Release|Any CPU
	EndGlobalSection
	GlobalSection(SolutionProperties) = preSolution
		HideSolutionNode = FALSE
	EndGlobalSection
	GlobalSection(ExtensibilityGlobals) = postSolution
		SolutionGuid = {17E1D922-B98F-4952-BB84-6417F898DAC5}
	EndGlobalSection
EndGlobal
